
Microsoft Visual Studio Solution File, Format Version 12.00
# Visual Studio Version 17
VisualStudioVersion = 17.7.34031.279
MinimumVisualStudioVersion = 10.0.40219.1
Project("{FAE04EC0-301F-11D3-BF4B-00C04F79EFBC}") = "MyApplication", "MyApplication\MyApplication.csproj", "{2F733621-C385-4EBA-A151-AB9ABB1AEFCF}"
EndProject
Global
	GlobalSection(SolutionConfigurationPlatforms) = preSolution
		Debug|Any CPU = Debug|Any CPU
		Release|Any CPU = Release|Any CPU
	EndGlobalSection
	GlobalSection(ProjectConfigurationPlatforms) = postSolution
		{2F733621-C385-4EBA-A151-AB9ABB1AEFCF}.Debug|Any CPU.ActiveCfg = Debug|Any CPU
		{2F733621-C385-4EBA-A151-AB9ABB1AEFCF}.Debug|Any CPU.Build.0 = Debug|Any CPU
		{2F733621-C385-4EBA-A151-AB9ABB1AEFCF}.Release|Any CPU.ActiveCfg = Release|Any CPU
		{2F733621-C385-4EBA-A151-AB9ABB1AEFCF}.Release|Any CPU.Build.0 = Release|Any CPU
	EndGlobalSection
	GlobalSection(SolutionProperties) = preSolution
		HideSolutionNode = FALSE
	EndGlobalSection
	GlobalSection(ExtensibilityGlobals) = postSolution
		SolutionGuid = {6C9BDF0C-2038-4250-A237-28DC2E3062CB}
	EndGlobalSection
EndGlobal
